PODS:
  - Crisp (1.1.0)
  - Flutter (1.0.0)
  - google_maps_flutter_ios (0.0.1):
    - Flutter
    - GoogleMaps
  - GoogleMaps (5.2.0):
    - GoogleMaps/Maps (= 5.2.0)
  - GoogleMaps/Base (5.2.0)
  - GoogleMaps/Maps (5.2.0):
    - GoogleMaps/Base
  - path_provider_foundation (0.0.1):
    - Flutter
    - FlutterMacOS

DEPENDENCIES:
  - Crisp
  - Flutter (from `Flutter`)
  - google_maps_flutter_ios (from `.symlinks/plugins/google_maps_flutter_ios/ios`)
  - path_provider_foundation (from `.symlinks/plugins/path_provider_foundation/ios`)

SPEC REPOS:
  trunk:
    - Crisp
    - GoogleMaps

EXTERNAL SOURCES:
  Flutter:
    :path: Flutter
  google_maps_flutter_ios:
    :path: ".symlinks/plugins/google_maps_flutter_ios/ios"
  path_provider_foundation:
    :path: ".symlinks/plugins/path_provider_foundation/ios"

SPEC CHECKSUMS:
  Crisp: b88f081c87566254e603d885dcdbc97596ade755
  Flutter: f04841e97a9d0b0a8025694d0796dd46242b2854
  google_maps_flutter_ios: 3e0b99383a8003b8169d06e7e324170bd0424105
  GoogleMaps: 025272d5876d3b32604e5c080dc25eaf68764693
  path_provider_foundation: c68054786f1b4f3343858c1e1d0caaded73f0be9

PODFILE CHECKSUM: f9ab9b083ff2c0e1e26f70b1942efa5151b0576f

COCOAPODS: 1.11.3
